
Microsoft Visual Studio Solution File, Format Version 12.00
# Visual Studio 2012
Project("{FAE04EC0-301F-11D3-BF4B-00C04F79EFBC}") = "Zip.Portable", "Zip\Zip.Portable.csproj", "{D3B0AD67-44D8-4B3D-BED9-CE1FD6DE2C5A}"
EndProject
Project("{2150E333-8FDC-42A3-9474-1A3956D46DE8}") = "Examples", "Examples", "{F0743B6A-25EB-4D79-B5ED-AFB4F25C91B5}"
EndProject
Project("{FAE04EC0-301F-11D3-BF4B-00C04F79EFBC}") = "ZipDir", "Examples\C#\ZipDir\ZipDir.csproj", "{E04C2A53-3981-44D4-94AF-6AC07D97CDE8}"
EndProject
Project("{FAE04EC0-301F-11D3-BF4B-00C04F79EFBC}") = "CreateZip", "Examples\C#\CreateZip\CreateZip.csproj", "{FB9FC8D7-7897-4802-9694-F379F25C00CB}"
EndProject
Project("{FAE04EC0-301F-11D3-BF4B-00C04F79EFBC}") = "ReadZip", "Examples\C#\ReadZip\ReadZip.csproj", "{F4024C01-1133-4A5A-B421-22EA8CA89EA5}"
EndProject
Project("{FAE04EC0-301F-11D3-BF4B-00C04F79EFBC}") = "ZipTreeView", "Examples\C#\ZipTreeView\ZipTreeView.csproj", "{1BCEC4DE-A73D-49A6-869F-EDA4AB6B41EF}"
EndProject
Project("{2150E333-8FDC-42A3-9474-1A3956D46DE8}") = "Tests", "Tests", "{E29C6340-FD50-4857-8C45-7BA227646B00}"
EndProject
Project("{FAE04EC0-301F-11D3-BF4B-00C04F79EFBC}") = "Zip Tests", "Zip Tests\Zip Tests.csproj", "{549466CE-5CA6-4904-BA44-58141544BE70}"
EndProject
Global
	GlobalSection(SolutionConfigurationPlatforms) = preSolution
		Debug|Any CPU = Debug|Any CPU
		Release|Any CPU = Release|Any CPU
	EndGlobalSection
	GlobalSection(ProjectConfigurationPlatforms) = postSolution
		{1BCEC4DE-A73D-49A6-869F-EDA4AB6B41EF}.Debug|Any CPU.ActiveCfg = Debug|Any CPU
		{1BCEC4DE-A73D-49A6-869F-EDA4AB6B41EF}.Debug|Any CPU.Build.0 = Debug|Any CPU
		{1BCEC4DE-A73D-49A6-869F-EDA4AB6B41EF}.Release|Any CPU.ActiveCfg = Release|Any CPU
		{1BCEC4DE-A73D-49A6-869F-EDA4AB6B41EF}.Release|Any CPU.Build.0 = Release|Any CPU
		{549466CE-5CA6-4904-BA44-58141544BE70}.Debug|Any CPU.ActiveCfg = Debug|Any CPU
		{549466CE-5CA6-4904-BA44-58141544BE70}.Debug|Any CPU.Build.0 = Debug|Any CPU
		{549466CE-5CA6-4904-BA44-58141544BE70}.Release|Any CPU.ActiveCfg = Release|Any CPU
		{549466CE-5CA6-4904-BA44-58141544BE70}.Release|Any CPU.Build.0 = Release|Any CPU
		{D3B0AD67-44D8-4B3D-BED9-CE1FD6DE2C5A}.Debug|Any CPU.ActiveCfg = Debug|Any CPU
		{D3B0AD67-44D8-4B3D-BED9-CE1FD6DE2C5A}.Debug|Any CPU.Build.0 = Debug|Any CPU
		{D3B0AD67-44D8-4B3D-BED9-CE1FD6DE2C5A}.Release|Any CPU.ActiveCfg = Release|Any CPU
		{D3B0AD67-44D8-4B3D-BED9-CE1FD6DE2C5A}.Release|Any CPU.Build.0 = Release|Any CPU
		{E04C2A53-3981-44D4-94AF-6AC07D97CDE8}.Debug|Any CPU.ActiveCfg = Debug|Any CPU
		{E04C2A53-3981-44D4-94AF-6AC07D97CDE8}.Debug|Any CPU.Build.0 = Debug|Any CPU
		{E04C2A53-3981-44D4-94AF-6AC07D97CDE8}.Release|Any CPU.ActiveCfg = Release|Any CPU
		{E04C2A53-3981-44D4-94AF-6AC07D97CDE8}.Release|Any CPU.Build.0 = Release|Any CPU
		{F4024C01-1133-4A5A-B421-22EA8CA89EA5}.Debug|Any CPU.ActiveCfg = Debug|Any CPU
		{F4024C01-1133-4A5A-B421-22EA8CA89EA5}.Debug|Any CPU.Build.0 = Debug|Any CPU
		{F4024C01-1133-4A5A-B421-22EA8CA89EA5}.Release|Any CPU.ActiveCfg = Release|Any CPU
		{F4024C01-1133-4A5A-B421-22EA8CA89EA5}.Release|Any CPU.Build.0 = Release|Any CPU
		{FB9FC8D7-7897-4802-9694-F379F25C00CB}.Debug|Any CPU.ActiveCfg = Debug|Any CPU
		{FB9FC8D7-7897-4802-9694-F379F25C00CB}.Debug|Any CPU.Build.0 = Debug|Any CPU
		{FB9FC8D7-7897-4802-9694-F379F25C00CB}.Release|Any CPU.ActiveCfg = Release|Any CPU
		{FB9FC8D7-7897-4802-9694-F379F25C00CB}.Release|Any CPU.Build.0 = Release|Any CPU
	EndGlobalSection
	GlobalSection(NestedProjects) = preSolution
		{E04C2A53-3981-44D4-94AF-6AC07D97CDE8} = {F0743B6A-25EB-4D79-B5ED-AFB4F25C91B5}
		{FB9FC8D7-7897-4802-9694-F379F25C00CB} = {F0743B6A-25EB-4D79-B5ED-AFB4F25C91B5}
		{F4024C01-1133-4A5A-B421-22EA8CA89EA5} = {F0743B6A-25EB-4D79-B5ED-AFB4F25C91B5}
		{1BCEC4DE-A73D-49A6-869F-EDA4AB6B41EF} = {F0743B6A-25EB-4D79-B5ED-AFB4F25C91B5}
		{549466CE-5CA6-4904-BA44-58141544BE70} = {E29C6340-FD50-4857-8C45-7BA227646B00}
	EndGlobalSection
	GlobalSection(TestCaseManagementSettings) = postSolution
		CategoryFile = DotNetZip.vsmdi
	EndGlobalSection
	GlobalSection(SolutionProperties) = preSolution
		HideSolutionNode = FALSE
	EndGlobalSection
EndGlobal
