
Microsoft Visual Studio Solution File, Format Version 12.00
# Visual Studio 14
VisualStudioVersion = 14.0.22823.1
MinimumVisualStudioVersion = 10.0.40219.1
Project("{2150E333-8FDC-42A3-9474-1A3956D46DE8}") = "Tests", "Tests", "{E29C6340-FD50-4857-8C45-7BA227646B00}"
EndProject
Project("{FAE04EC0-301F-11D3-BF4B-00C04F79EFBC}") = "Zip.Portable", "Zip.Portable\Zip.Portable.csproj", "{D282FBAA-9061-4240-8E95-D69E13D71AD1}"
EndProject
Project("{FAE04EC0-301F-11D3-BF4B-00C04F79EFBC}") = "BZip2.Portable", "BZip2.Portable\BZip2.Portable.csproj", "{EB303953-366F-438F-9958-D282B05DDCBA}"
EndProject
Project("{FAE04EC0-301F-11D3-BF4B-00C04F79EFBC}") = "BZip2.Portable.Tests", "BZip2.Portable.Tests\BZip2.Portable.Tests.csproj", "{48D83EBC-915D-4102-A9D6-71ED9050E526}"
EndProject
Project("{2150E333-8FDC-42A3-9474-1A3956D46DE8}") = "Tools", "Tools", "{A5194150-93DA-422A-B81C-1CABF2778B61}"
EndProject
Project("{FAE04EC0-301F-11D3-BF4B-00C04F79EFBC}") = "BZip2", "Tools\BZip2\BZip2.csproj", "{C2241050-F23C-420B-AA67-60E94B34C2B2}"
EndProject
Project("{FAE04EC0-301F-11D3-BF4B-00C04F79EFBC}") = "Zip.Portable.Tests", "Zip.Portable.Tests\Zip.Portable.Tests.csproj", "{1058B11C-DBED-4D1D-9425-06E235CF8CC3}"
EndProject
Project("{FAE04EC0-301F-11D3-BF4B-00C04F79EFBC}") = "Zip.Portable.Platform.PCLStorage", "Zip.Portable.Platform.PCLStorage\Zip.Portable.Platform.PCLStorage.csproj", "{4DCD6B14-37F5-478E-9E06-FD4C7E16290A}"
EndProject
Project("{FAE04EC0-301F-11D3-BF4B-00C04F79EFBC}") = "Zip.Portable.PlatformSupport", "Zip.Portable.PlatformSupport\Zip.Portable.PlatformSupport.csproj", "{DF61EE8A-6586-4C4A-8D38-F0579E35E55D}"
EndProject
Project("{FAE04EC0-301F-11D3-BF4B-00C04F79EFBC}") = "UnZip", "Tools\UnZip\UnZip.csproj", "{A22C89E0-B5D4-4881-A61F-4B1FD82F2453}"
EndProject
Project("{FAE04EC0-301F-11D3-BF4B-00C04F79EFBC}") = "ZipIt", "Tools\ZipIt\ZipIt.csproj", "{98008721-C4DD-4F34-B3AE-A3453E29BB65}"
EndProject
Project("{FAE04EC0-301F-11D3-BF4B-00C04F79EFBC}") = "WinFormsApp", "Tools\WinFormsApp\WinFormsApp.csproj", "{6BCCF138-2EFB-464C-B872-E3079F0A4708}"
EndProject
Global
	GlobalSection(SolutionConfigurationPlatforms) = preSolution
		Debug|Any CPU = Debug|Any CPU
		Release|Any CPU = Release|Any CPU
	EndGlobalSection
	GlobalSection(ProjectConfigurationPlatforms) = postSolution
		{D282FBAA-9061-4240-8E95-D69E13D71AD1}.Debug|Any CPU.ActiveCfg = Debug|Any CPU
		{D282FBAA-9061-4240-8E95-D69E13D71AD1}.Debug|Any CPU.Build.0 = Debug|Any CPU
		{D282FBAA-9061-4240-8E95-D69E13D71AD1}.Release|Any CPU.ActiveCfg = Release|Any CPU
		{D282FBAA-9061-4240-8E95-D69E13D71AD1}.Release|Any CPU.Build.0 = Release|Any CPU
		{EB303953-366F-438F-9958-D282B05DDCBA}.Debug|Any CPU.ActiveCfg = Debug|Any CPU
		{EB303953-366F-438F-9958-D282B05DDCBA}.Debug|Any CPU.Build.0 = Debug|Any CPU
		{EB303953-366F-438F-9958-D282B05DDCBA}.Release|Any CPU.ActiveCfg = Release|Any CPU
		{EB303953-366F-438F-9958-D282B05DDCBA}.Release|Any CPU.Build.0 = Release|Any CPU
		{48D83EBC-915D-4102-A9D6-71ED9050E526}.Debug|Any CPU.ActiveCfg = Debug|Any CPU
		{48D83EBC-915D-4102-A9D6-71ED9050E526}.Debug|Any CPU.Build.0 = Debug|Any CPU
		{48D83EBC-915D-4102-A9D6-71ED9050E526}.Release|Any CPU.ActiveCfg = Release|Any CPU
		{48D83EBC-915D-4102-A9D6-71ED9050E526}.Release|Any CPU.Build.0 = Release|Any CPU
		{C2241050-F23C-420B-AA67-60E94B34C2B2}.Debug|Any CPU.ActiveCfg = Debug|Any CPU
		{C2241050-F23C-420B-AA67-60E94B34C2B2}.Debug|Any CPU.Build.0 = Debug|Any CPU
		{C2241050-F23C-420B-AA67-60E94B34C2B2}.Release|Any CPU.ActiveCfg = Release|Any CPU
		{C2241050-F23C-420B-AA67-60E94B34C2B2}.Release|Any CPU.Build.0 = Release|Any CPU
		{1058B11C-DBED-4D1D-9425-06E235CF8CC3}.Debug|Any CPU.ActiveCfg = Debug|Any CPU
		{1058B11C-DBED-4D1D-9425-06E235CF8CC3}.Debug|Any CPU.Build.0 = Debug|Any CPU
		{1058B11C-DBED-4D1D-9425-06E235CF8CC3}.Release|Any CPU.ActiveCfg = Release|Any CPU
		{1058B11C-DBED-4D1D-9425-06E235CF8CC3}.Release|Any CPU.Build.0 = Release|Any CPU
		{4DCD6B14-37F5-478E-9E06-FD4C7E16290A}.Debug|Any CPU.ActiveCfg = Debug|Any CPU
		{4DCD6B14-37F5-478E-9E06-FD4C7E16290A}.Debug|Any CPU.Build.0 = Debug|Any CPU
		{4DCD6B14-37F5-478E-9E06-FD4C7E16290A}.Release|Any CPU.ActiveCfg = Release|Any CPU
		{4DCD6B14-37F5-478E-9E06-FD4C7E16290A}.Release|Any CPU.Build.0 = Release|Any CPU
		{DF61EE8A-6586-4C4A-8D38-F0579E35E55D}.Debug|Any CPU.ActiveCfg = Debug|Any CPU
		{DF61EE8A-6586-4C4A-8D38-F0579E35E55D}.Debug|Any CPU.Build.0 = Debug|Any CPU
		{DF61EE8A-6586-4C4A-8D38-F0579E35E55D}.Release|Any CPU.ActiveCfg = Release|Any CPU
		{DF61EE8A-6586-4C4A-8D38-F0579E35E55D}.Release|Any CPU.Build.0 = Release|Any CPU
		{A22C89E0-B5D4-4881-A61F-4B1FD82F2453}.Debug|Any CPU.ActiveCfg = Debug|Any CPU
		{A22C89E0-B5D4-4881-A61F-4B1FD82F2453}.Debug|Any CPU.Build.0 = Debug|Any CPU
		{A22C89E0-B5D4-4881-A61F-4B1FD82F2453}.Release|Any CPU.ActiveCfg = Release|Any CPU
		{A22C89E0-B5D4-4881-A61F-4B1FD82F2453}.Release|Any CPU.Build.0 = Release|Any CPU
		{98008721-C4DD-4F34-B3AE-A3453E29BB65}.Debug|Any CPU.ActiveCfg = Debug|Any CPU
		{98008721-C4DD-4F34-B3AE-A3453E29BB65}.Debug|Any CPU.Build.0 = Debug|Any CPU
		{98008721-C4DD-4F34-B3AE-A3453E29BB65}.Release|Any CPU.ActiveCfg = Release|Any CPU
		{98008721-C4DD-4F34-B3AE-A3453E29BB65}.Release|Any CPU.Build.0 = Release|Any CPU
		{6BCCF138-2EFB-464C-B872-E3079F0A4708}.Debug|Any CPU.ActiveCfg = Debug|Any CPU
		{6BCCF138-2EFB-464C-B872-E3079F0A4708}.Debug|Any CPU.Build.0 = Debug|Any CPU
		{6BCCF138-2EFB-464C-B872-E3079F0A4708}.Release|Any CPU.ActiveCfg = Release|Any CPU
		{6BCCF138-2EFB-464C-B872-E3079F0A4708}.Release|Any CPU.Build.0 = Release|Any CPU
	EndGlobalSection
	GlobalSection(SolutionProperties) = preSolution
		HideSolutionNode = FALSE
	EndGlobalSection
	GlobalSection(NestedProjects) = preSolution
		{48D83EBC-915D-4102-A9D6-71ED9050E526} = {E29C6340-FD50-4857-8C45-7BA227646B00}
		{C2241050-F23C-420B-AA67-60E94B34C2B2} = {A5194150-93DA-422A-B81C-1CABF2778B61}
		{1058B11C-DBED-4D1D-9425-06E235CF8CC3} = {E29C6340-FD50-4857-8C45-7BA227646B00}
		{A22C89E0-B5D4-4881-A61F-4B1FD82F2453} = {A5194150-93DA-422A-B81C-1CABF2778B61}
		{98008721-C4DD-4F34-B3AE-A3453E29BB65} = {A5194150-93DA-422A-B81C-1CABF2778B61}
		{6BCCF138-2EFB-464C-B872-E3079F0A4708} = {A5194150-93DA-422A-B81C-1CABF2778B61}
	EndGlobalSection
	GlobalSection(TestCaseManagementSettings) = postSolution
		CategoryFile = DotNetZip.vsmdi
	EndGlobalSection
EndGlobal
